
Microsoft Visual Studio Solution File, Format Version 12.00
# Visual Studio Version 17
VisualStudioVersion = 17.0.31903.59
MinimumVisualStudioVersion = 10.0.40219.1
Project("{2150E333-8FDC-42A3-9474-1A3956D46DE8}") = "src", "src", "{647A54AC-10FD-44A6-B9E8-1A0B31A839C9}"
EndProject
Project("{FAE04EC0-301F-11D3-BF4B-00C04F79EFBC}") = "InputBridge.Core", "src\InputBridge.Core\InputBridge.Core.csproj", "{DA5E7BA5-832F-4096-93D9-EDEA4A2E9FC0}"
EndProject
Project("{2150E333-8FDC-42A3-9474-1A3956D46DE8}") = "tests", "tests", "{6581FA65-A3D8-48EF-AC5E-9202CB160CA9}"
EndProject
Project("{FAE04EC0-301F-11D3-BF4B-00C04F79EFBC}") = "InputBridge.Core.Tests", "tests\InputBridge.Core.Tests\InputBridge.Core.Tests.csproj", "{B10C6558-71D2-4B21-AA39-721276B881EA}"
EndProject
Project("{FAE04EC0-301F-11D3-BF4B-00C04F79EFBC}") = "InputBridge.Host", "src\InputBridge.Host\InputBridge.Host.csproj", "{61E65E1C-6B1C-4190-8BA5-73EB3BE4E89D}"
EndProject
Project("{FAE04EC0-301F-11D3-BF4B-00C04F79EFBC}") = "InputBridge.Client", "src\InputBridge.Client\InputBridge.Client.csproj", "{8DA44D38-6058-45D8-84B8-76F7348BDA26}"
EndProject
Project("{FAE04EC0-301F-11D3-BF4B-00C04F79EFBC}") = "InputBridge.Shared.UI", "src\InputBridge.Shared.UI\InputBridge.Shared.UI.csproj", "{A22F2B2F-A592-47C4-AC6D-9DC9F0E95D21}"
EndProject
Global
	GlobalSection(SolutionConfigurationPlatforms) = preSolution
		Debug|Any CPU = Debug|Any CPU
		Release|Any CPU = Release|Any CPU
	EndGlobalSection
	GlobalSection(SolutionProperties) = preSolution
		HideSolutionNode = FALSE
	EndGlobalSection
	GlobalSection(ProjectConfigurationPlatforms) = postSolution
		{DA5E7BA5-832F-4096-93D9-EDEA4A2E9FC0}.Debug|Any CPU.ActiveCfg = Debug|Any CPU
		{DA5E7BA5-832F-4096-93D9-EDEA4A2E9FC0}.Debug|Any CPU.Build.0 = Debug|Any CPU
		{DA5E7BA5-832F-4096-93D9-EDEA4A2E9FC0}.Release|Any CPU.ActiveCfg = Release|Any CPU
		{DA5E7BA5-832F-4096-93D9-EDEA4A2E9FC0}.Release|Any CPU.Build.0 = Release|Any CPU
		{B10C6558-71D2-4B21-AA39-721276B881EA}.Debug|Any CPU.ActiveCfg = Debug|Any CPU
		{B10C6558-71D2-4B21-AA39-721276B881EA}.Debug|Any CPU.Build.0 = Debug|Any CPU
		{B10C6558-71D2-4B21-AA39-721276B881EA}.Release|Any CPU.ActiveCfg = Release|Any CPU
		{B10C6558-71D2-4B21-AA39-721276B881EA}.Release|Any CPU.Build.0 = Release|Any CPU
		{61E65E1C-6B1C-4190-8BA5-73EB3BE4E89D}.Debug|Any CPU.ActiveCfg = Debug|Any CPU
		{61E65E1C-6B1C-4190-8BA5-73EB3BE4E89D}.Debug|Any CPU.Build.0 = Debug|Any CPU
		{61E65E1C-6B1C-4190-8BA5-73EB3BE4E89D}.Release|Any CPU.ActiveCfg = Release|Any CPU
		{61E65E1C-6B1C-4190-8BA5-73EB3BE4E89D}.Release|Any CPU.Build.0 = Release|Any CPU
		{8DA44D38-6058-45D8-84B8-76F7348BDA26}.Debug|Any CPU.ActiveCfg = Debug|Any CPU
		{8DA44D38-6058-45D8-84B8-76F7348BDA26}.Debug|Any CPU.Build.0 = Debug|Any CPU
		{8DA44D38-6058-45D8-84B8-76F7348BDA26}.Release|Any CPU.ActiveCfg = Release|Any CPU
		{8DA44D38-6058-45D8-84B8-76F7348BDA26}.Release|Any CPU.Build.0 = Release|Any CPU
		{A22F2B2F-A592-47C4-AC6D-9DC9F0E95D21}.Debug|Any CPU.ActiveCfg = Debug|Any CPU
		{A22F2B2F-A592-47C4-AC6D-9DC9F0E95D21}.Debug|Any CPU.Build.0 = Debug|Any CPU
		{A22F2B2F-A592-47C4-AC6D-9DC9F0E95D21}.Release|Any CPU.ActiveCfg = Release|Any CPU
		{A22F2B2F-A592-47C4-AC6D-9DC9F0E95D21}.Release|Any CPU.Build.0 = Release|Any CPU
	EndGlobalSection
	GlobalSection(NestedProjects) = preSolution
		{DA5E7BA5-832F-4096-93D9-EDEA4A2E9FC0} = {647A54AC-10FD-44A6-B9E8-1A0B31A839C9}
		{B10C6558-71D2-4B21-AA39-721276B881EA} = {6581FA65-A3D8-48EF-AC5E-9202CB160CA9}
		{61E65E1C-6B1C-4190-8BA5-73EB3BE4E89D} = {647A54AC-10FD-44A6-B9E8-1A0B31A839C9}
		{8DA44D38-6058-45D8-84B8-76F7348BDA26} = {647A54AC-10FD-44A6-B9E8-1A0B31A839C9}
		{A22F2B2F-A592-47C4-AC6D-9DC9F0E95D21} = {647A54AC-10FD-44A6-B9E8-1A0B31A839C9}
	EndGlobalSection
EndGlobal
